// !$*UTF8*$!
{
	archiveVersion = 1;
	classes = {
	};
	objectVersion = 77;
	objects = {

/* Begin PBXBuildFile section */
		994B06792DADE60C00F2495F /* FirebaseAuth in Frameworks */ = {isa = PBXBuildFile; productRef = 994B06782DADE60C00F2495F /* FirebaseAuth */; };
		994B067B2DADE60C00F2495F /* FirebaseFirestore in Frameworks */ = {isa = PBXBuildFile; productRef = 994B067A2DADE60C00F2495F /* FirebaseFirestore */; };
		994B067F2DADE9BB00F2495F /* FirebaseCore in Frameworks */ = {isa = PBXBuildFile; productRef = 994B067E2DADE9BB00F2495F /* FirebaseCore */; };
		996B17002E8E786D00A3BFC5 /* GoogleSignIn in Frameworks */ = {isa = PBXBuildFile; productRef = 996B16FF2E8E786D00A3BFC5 /* GoogleSignIn */; };
		996B17022E8E786D00A3BFC5 /* GoogleSignInSwift in Frameworks */ = {isa = PBXBuildFile; productRef = 996B17012E8E786D00A3BFC5 /* GoogleSignInSwift */; };
		99B97BB92DC174A200B793B9 /* RevenueCat in Frameworks */ = {isa = PBXBuildFile; productRef = 99B97BB82DC174A200B793B9 /* RevenueCat */; };
		99B97BBB2DC174A200B793B9 /* RevenueCatUI in Frameworks */ = {isa = PBXBuildFile; productRef = 99B97BBA2DC174A200B793B9 /* RevenueCatUI */; };
		99F69BB62DB0FFA300E65BB7 /* FirebaseStorage in Frameworks */ = {isa = PBXBuildFile; productRef = 99F69BB52DB0FFA300E65BB7 /* FirebaseStorage */; };
/* End PBXBuildFile section */

/* Begin PBXContainerItemProxy section */
		994B064B2DADDE1600F2495F /* PBXContainerItemProxy */ = {
			isa = PBXContainerItemProxy;
			containerPortal = 994B06342DADDE1400F2495F /* Project object */;
			proxyType = 1;
			remoteGlobalIDString = 994B063B2DADDE1400F2495F;
			remoteInfo = "Own Advertiser";
		};
		994B06552DADDE1600F2495F /* PBXContainerItemProxy */ = {
			isa = PBXContainerItemProxy;
			containerPortal = 994B06342DADDE1400F2495F /* Project object */;
			proxyType = 1;
			remoteGlobalIDString = 994B063B2DADDE1400F2495F;
			remoteInfo = "Own Advertiser";
		};
/* End PBXContainerItemProxy section */

/* Begin PBXFileReference section */
		994B063C2DADDE1400F2495F /* CreoAds.app */ = {isa = PBXFileReference; explicitFileType = wrapper.application; includeInIndex = 0; path = CreoAds.app; sourceTree = BUILT_PRODUCTS_DIR; };
		994B064A2DADDE1600F2495F /* CreoAdsTests.xctest */ = {isa = PBXFileReference; explicitFileType = wrapper.cfbundle; includeInIndex = 0; path = CreoAdsTests.xctest; sourceTree = BUILT_PRODUCTS_DIR; };
		994B06542DADDE1600F2495F /* CreoAdsUITests.xctest */ = {isa = PBXFileReference; explicitFileType = wrapper.cfbundle; includeInIndex = 0; path = CreoAdsUITests.xctest; sourceTree = BUILT_PRODUCTS_DIR; };
/* End PBXFileReference section */

/* Begin PBXFileSystemSynchronizedBuildFileExceptionSet section */
		996B17062E8E88E900A3BFC5 /* Exceptions for "CreoAds" folder in "CreoAds" target */ = {
			isa = PBXFileSystemSynchronizedBuildFileExceptionSet;
			membershipExceptions = (
				Info.plist,
			);
			target = 994B063B2DADDE1400F2495F /* CreoAds */;
		};
/* End PBXFileSystemSynchronizedBuildFileExceptionSet section */

/* Begin PBXFileSystemSynchronizedRootGroup section */
		994B063E2DADDE1400F2495F /* CreoAds */ = {
			isa = PBXFileSystemSynchronizedRootGroup;
			exceptions = (
				996B17062E8E88E900A3BFC5 /* Exceptions for "CreoAds" folder in "CreoAds" target */,
			);
			path = CreoAds;
			sourceTree = "<group>";
		};
/* End PBXFileSystemSynchronizedRootGroup section */

/* Begin PBXFrameworksBuildPhase section */
		994B06392DADDE1400F2495F /* Frameworks */ = {
			isa = PBXFrameworksBuildPhase;
			buildActionMask = 2147483647;
			files = (
				994B06792DADE60C00F2495F /* FirebaseAuth in Frameworks */,
				99F69BB62DB0FFA300E65BB7 /* FirebaseStorage in Frameworks */,
				99B97BBB2DC174A200B793B9 /* RevenueCatUI in Frameworks */,
				996B17022E8E786D00A3BFC5 /* GoogleSignInSwift in Frameworks */,
				99B97BB92DC174A200B793B9 /* RevenueCat in Frameworks */,
				994B067F2DADE9BB00F2495F /* FirebaseCore in Frameworks */,
				994B067B2DADE60C00F2495F /* FirebaseFirestore in Frameworks */,
				996B17002E8E786D00A3BFC5 /* GoogleSignIn in Frameworks */,
			);
			runOnlyForDeploymentPostprocessing = 0;
		};
		994B06472DADDE1600F2495F /* Frameworks */ = {
			isa = PBXFrameworksBuildPhase;
			buildActionMask = 2147483647;
			files = (
			);
			runOnlyForDeploymentPostprocessing = 0;
		};
		994B06512DADDE1600F2495F /* Frameworks */ = {
			isa = PBXFrameworksBuildPhase;
			buildActionMask = 2147483647;
			files = (
			);
			runOnlyForDeploymentPostprocessing = 0;
		};
/* End PBXFrameworksBuildPhase section */

/* Begin PBXGroup section */
		994B06332DADDE1400F2495F = {
			isa = PBXGroup;
			children = (
				994B063E2DADDE1400F2495F /* CreoAds */,
				994B063D2DADDE1400F2495F /* Products */,
			);
			sourceTree = "<group>";
		};
		994B063D2DADDE1400F2495F /* Products */ = {
			isa = PBXGroup;
			children = (
				994B063C2DADDE1400F2495F /* CreoAds.app */,
				994B064A2DADDE1600F2495F /* CreoAdsTests.xctest */,
				994B06542DADDE1600F2495F /* CreoAdsUITests.xctest */,
			);
			name = Products;
			sourceTree = "<group>";
		};
/* End PBXGroup section */

/* Begin PBXNativeTarget section */
		994B063B2DADDE1400F2495F /* CreoAds */ = {
			isa = PBXNativeTarget;
			buildConfigurationList = 994B065E2DADDE1600F2495F /* Build configuration list for PBXNativeTarget "CreoAds" */;
			buildPhases = (
				994B06382DADDE1400F2495F /* Sources */,
				994B06392DADDE1400F2495F /* Frameworks */,
				994B063A2DADDE1400F2495F /* Resources */,
			);
			buildRules = (
			);
			dependencies = (
			);
			fileSystemSynchronizedGroups = (
				994B063E2DADDE1400F2495F /* CreoAds */,
			);
			name = CreoAds;
			packageProductDependencies = (
				994B06782DADE60C00F2495F /* FirebaseAuth */,
				994B067A2DADE60C00F2495F /* FirebaseFirestore */,
				994B067E2DADE9BB00F2495F /* FirebaseCore */,
				99F69BB52DB0FFA300E65BB7 /* FirebaseStorage */,
				99B97BB82DC174A200B793B9 /* RevenueCat */,
				99B97BBA2DC174A200B793B9 /* RevenueCatUI */,
				996B16FF2E8E786D00A3BFC5 /* GoogleSignIn */,
				996B17012E8E786D00A3BFC5 /* GoogleSignInSwift */,
			);
			productName = "Own Advertiser";
			productReference = 994B063C2DADDE1400F2495F /* CreoAds.app */;
			productType = "com.apple.product-type.application";
		};
		994B06492DADDE1600F2495F /* CreoAdsTests */ = {
			isa = PBXNativeTarget;
			buildConfigurationList = 994B06612DADDE1600F2495F /* Build configuration list for PBXNativeTarget "CreoAdsTests" */;
			buildPhases = (
				994B06462DADDE1600F2495F /* Sources */,
				994B06472DADDE1600F2495F /* Frameworks */,
				994B06482DADDE1600F2495F /* Resources */,
			);
			buildRules = (
			);
			dependencies = (
				994B064C2DADDE1600F2495F /* PBXTargetDependency */,
			);
			name = CreoAdsTests;
			packageProductDependencies = (
			);
			productName = "Own AdvertiserTests";
			productReference = 994B064A2DADDE1600F2495F /* CreoAdsTests.xctest */;
			productType = "com.apple.product-type.bundle.unit-test";
		};
		994B06532DADDE1600F2495F /* CreoAdsUITests */ = {
			isa = PBXNativeTarget;
			buildConfigurationList = 994B06642DADDE1600F2495F /* Build configuration list for PBXNativeTarget "CreoAdsUITests" */;
			buildPhases = (
				994B06502DADDE1600F2495F /* Sources */,
				994B06512DADDE1600F2495F /* Frameworks */,
				994B06522DADDE1600F2495F /* Resources */,
			);
			buildRules = (
			);
			dependencies = (
				994B06562DADDE1600F2495F /* PBXTargetDependency */,
			);
			name = CreoAdsUITests;
			packageProductDependencies = (
			);
			productName = "Own AdvertiserUITests";
			productReference = 994B06542DADDE1600F2495F /* CreoAdsUITests.xctest */;
			productType = "com.apple.product-type.bundle.ui-testing";
		};
/* End PBXNativeTarget section */

/* Begin PBXProject section */
		994B06342DADDE1400F2495F /* Project object */ = {
			isa = PBXProject;
			attributes = {
				BuildIndependentTargetsInParallel = 1;
				LastSwiftUpdateCheck = 1630;
				LastUpgradeCheck = 2600;
				TargetAttributes = {
					994B063B2DADDE1400F2495F = {
						CreatedOnToolsVersion = 16.3;
					};
					994B06492DADDE1600F2495F = {
						CreatedOnToolsVersion = 16.3;
						TestTargetID = 994B063B2DADDE1400F2495F;
					};
					994B06532DADDE1600F2495F = {
						CreatedOnToolsVersion = 16.3;
						TestTargetID = 994B063B2DADDE1400F2495F;
					};
				};
			};
			buildConfigurationList = 994B06372DADDE1400F2495F /* Build configuration list for PBXProject "CreoAds" */;
			developmentRegion = en;
			hasScannedForEncodings = 0;
			knownRegions = (
				en,
				Base,
			);
			mainGroup = 994B06332DADDE1400F2495F;
			minimizedProjectReferenceProxies = 1;
			packageReferences = (
				994B06772DADE60C00F2495F /* XCRemoteSwiftPackageReference "firebase-ios-sdk" */,
				99B97BB72DC174A200B793B9 /* XCRemoteSwiftPackageReference "purchases-ios-spm" */,
				996B16FE2E8E786D00A3BFC5 /* XCRemoteSwiftPackageReference "GoogleSignIn-iOS" */,
			);
			preferredProjectObjectVersion = 77;
			productRefGroup = 994B063D2DADDE1400F2495F /* Products */;
			projectDirPath = "";
			projectRoot = "";
			targets = (
				994B063B2DADDE1400F2495F /* CreoAds */,
				994B06492DADDE1600F2495F /* CreoAdsTests */,
				994B06532DADDE1600F2495F /* CreoAdsUITests */,
			);
		};
/* End PBXProject section */

/* Begin PBXResourcesBuildPhase section */
		994B063A2DADDE1400F2495F /* Resources */ = {
			isa = PBXResourcesBuildPhase;
			buildActionMask = 2147483647;
			files = (
			);
			runOnlyForDeploymentPostprocessing = 0;
		};
		994B06482DADDE1600F2495F /* Resources */ = {
			isa = PBXResourcesBuildPhase;
			buildActionMask = 2147483647;
			files = (
			);
			runOnlyForDeploymentPostprocessing = 0;
		};
		994B06522DADDE1600F2495F /* Resources */ = {
			isa = PBXResourcesBuildPhase;
			buildActionMask = 2147483647;
			files = (
			);
			runOnlyForDeploymentPostprocessing = 0;
		};
/* End PBXResourcesBuildPhase section */

/* Begin PBXSourcesBuildPhase section */
		994B06382DADDE1400F2495F /* Sources */ = {
			isa = PBXSourcesBuildPhase;
			buildActionMask = 2147483647;
			files = (
			);
			runOnlyForDeploymentPostprocessing = 0;
		};
		994B06462DADDE1600F2495F /* Sources */ = {
			isa = PBXSourcesBuildPhase;
			buildActionMask = 2147483647;
			files = (
			);
			runOnlyForDeploymentPostprocessing = 0;
		};
		994B06502DADDE1600F2495F /* Sources */ = {
			isa = PBXSourcesBuildPhase;
			buildActionMask = 2147483647;
			files = (
			);
			runOnlyForDeploymentPostprocessing = 0;
		};
/* End PBXSourcesBuildPhase section */

/* Begin PBXTargetDependency section */
		994B064C2DADDE1600F2495F /* PBXTargetDependency */ = {
			isa = PBXTargetDependency;
			target = 994B063B2DADDE1400F2495F /* CreoAds */;
			targetProxy = 994B064B2DADDE1600F2495F /* PBXContainerItemProxy */;
		};
		994B06562DADDE1600F2495F /* PBXTargetDependency */ = {
			isa = PBXTargetDependency;
			target = 994B063B2DADDE1400F2495F /* CreoAds */;
			targetProxy = 994B06552DADDE1600F2495F /* PBXContainerItemProxy */;
		};
/* End PBXTargetDependency section */

/* Begin XCBuildConfiguration section */
		994B065C2DADDE1600F2495F /* Debug */ = {
			isa = XCBuildConfiguration;
			buildSettings = {
				ALWAYS_SEARCH_USER_PATHS = NO;
				ASSETCATALOG_COMPILER_GENERATE_SWIFT_ASSET_SYMBOL_EXTENSIONS = YES;
				CLANG_ANALYZER_NONNULL = YES;
				CLANG_ANALYZER_NUMBER_OBJECT_CONVERSION = YES_AGGRESSIVE;
				CLANG_CXX_LANGUAGE_STANDARD = "gnu++20";
				CLANG_ENABLE_MODULES = YES;
				CLANG_ENABLE_OBJC_ARC = YES;
				CLANG_ENABLE_OBJC_WEAK = YES;
				CLANG_WARN_BLOCK_CAPTURE_AUTORELEASING = YES;
				CLANG_WARN_BOOL_CONVERSION = YES;
				CLANG_WARN_COMMA = YES;
				CLANG_WARN_CONSTANT_CONVERSION = YES;
				CLANG_WARN_DEPRECATED_OBJC_IMPLEMENTATIONS = YES;
				CLANG_WARN_DIRECT_OBJC_ISA_USAGE = YES_ERROR;
				CLANG_WARN_DOCUMENTATION_COMMENTS = YES;
				CLANG_WARN_EMPTY_BODY = YES;
				CLANG_WARN_ENUM_CONVERSION = YES;
				CLANG_WARN_INFINITE_RECURSION = YES;
				CLANG_WARN_INT_CONVERSION = YES;
				CLANG_WARN_NON_LITERAL_NULL_CONVERSION = YES;
				CLANG_WARN_OBJC_IMPLICIT_RETAIN_SELF = YES;
				CLANG_WARN_OBJC_LITERAL_CONVERSION = YES;
				CLANG_WARN_OBJC_ROOT_CLASS = YES_ERROR;
				CLANG_WARN_QUOTED_INCLUDE_IN_FRAMEWORK_HEADER = YES;
				CLANG_WARN_RANGE_LOOP_ANALYSIS = YES;
				CLANG_WARN_STRICT_PROTOTYPES = YES;
				CLANG_WARN_SUSPICIOUS_MOVE = YES;
				CLANG_WARN_UNGUARDED_AVAILABILITY = YES_AGGRESSIVE;
				CLANG_WARN_UNREACHABLE_CODE = YES;
				CLANG_WARN__DUPLICATE_METHOD_MATCH = YES;
				CODE_SIGN_ENTITLEMENTS = CreoAds/Shared/CreoAds.entitlements;
				COPY_PHASE_STRIP = NO;
				DEAD_CODE_STRIPPING = YES;
				DEBUG_INFORMATION_FORMAT = dwarf;
				DEVELOPMENT_TEAM = Q3BJXDW8J8;
				ENABLE_STRICT_OBJC_MSGSEND = YES;
				ENABLE_TESTABILITY = YES;
				ENABLE_USER_SCRIPT_SANDBOXING = YES;
				GCC_C_LANGUAGE_STANDARD = gnu17;
				GCC_DYNAMIC_NO_PIC = NO;
				GCC_NO_COMMON_BLOCKS = YES;
				GCC_OPTIMIZATION_LEVEL = 0;
				GCC_PREPROCESSOR_DEFINITIONS = (
					"DEBUG=1",
					"$(inherited)",
				);
				GCC_WARN_64_TO_32_BIT_CONVERSION = YES;
				GCC_WARN_ABOUT_RETURN_TYPE = YES_ERROR;
				GCC_WARN_UNDECLARED_SELECTOR = YES;
				GCC_WARN_UNINITIALIZED_AUTOS = YES_AGGRESSIVE;
				GCC_WARN_UNUSED_FUNCTION = YES;
				GCC_WARN_UNUSED_VARIABLE = YES;
				LOCALIZATION_PREFERS_STRING_CATALOGS = YES;
				MTL_ENABLE_DEBUG_INFO = INCLUDE_SOURCE;
				MTL_FAST_MATH = YES;
				ONLY_ACTIVE_ARCH = YES;
				STRING_CATALOG_GENERATE_SYMBOLS = YES;
				SWIFT_ACTIVE_COMPILATION_CONDITIONS = "DEBUG $(inherited)";
				SWIFT_OPTIMIZATION_LEVEL = "-Onone";
			};
			name = Debug;
		};
		994B065D2DADDE1600F2495F /* Release */ = {
			isa = XCBuildConfiguration;
			buildSettings = {
				ALWAYS_SEARCH_USER_PATHS = NO;
				ASSETCATALOG_COMPILER_GENERATE_SWIFT_ASSET_SYMBOL_EXTENSIONS = YES;
				CLANG_ANALYZER_NONNULL = YES;
				CLANG_ANALYZER_NUMBER_OBJECT_CONVERSION = YES_AGGRESSIVE;
				CLANG_CXX_LANGUAGE_STANDARD = "gnu++20";
				CLANG_ENABLE_MODULES = YES;
				CLANG_ENABLE_OBJC_ARC = YES;
				CLANG_ENABLE_OBJC_WEAK = YES;
				CLANG_WARN_BLOCK_CAPTURE_AUTORELEASING = YES;
				CLANG_WARN_BOOL_CONVERSION = YES;
				CLANG_WARN_COMMA = YES;
				CLANG_WARN_CONSTANT_CONVERSION = YES;
				CLANG_WARN_DEPRECATED_OBJC_IMPLEMENTATIONS = YES;
				CLANG_WARN_DIRECT_OBJC_ISA_USAGE = YES_ERROR;
				CLANG_WARN_DOCUMENTATION_COMMENTS = YES;
				CLANG_WARN_EMPTY_BODY = YES;
				CLANG_WARN_ENUM_CONVERSION = YES;
				CLANG_WARN_INFINITE_RECURSION = YES;
				CLANG_WARN_INT_CONVERSION = YES;
				CLANG_WARN_NON_LITERAL_NULL_CONVERSION = YES;
				CLANG_WARN_OBJC_IMPLICIT_RETAIN_SELF = YES;
				CLANG_WARN_OBJC_LITERAL_CONVERSION = YES;
				CLANG_WARN_OBJC_ROOT_CLASS = YES_ERROR;
				CLANG_WARN_QUOTED_INCLUDE_IN_FRAMEWORK_HEADER = YES;
				CLANG_WARN_RANGE_LOOP_ANALYSIS = YES;
				CLANG_WARN_STRICT_PROTOTYPES = YES;
				CLANG_WARN_SUSPICIOUS_MOVE = YES;
				CLANG_WARN_UNGUARDED_AVAILABILITY = YES_AGGRESSIVE;
				CLANG_WARN_UNREACHABLE_CODE = YES;
				CLANG_WARN__DUPLICATE_METHOD_MATCH = YES;
				CODE_SIGN_ENTITLEMENTS = CreoAds/Shared/CreoAds.entitlements;
				COPY_PHASE_STRIP = NO;
				DEAD_CODE_STRIPPING = YES;
				DEBUG_INFORMATION_FORMAT = "dwarf-with-dsym";
				DEVELOPMENT_TEAM = Q3BJXDW8J8;
				ENABLE_NS_ASSERTIONS = NO;
				ENABLE_STRICT_OBJC_MSGSEND = YES;
				ENABLE_USER_SCRIPT_SANDBOXING = YES;
				GCC_C_LANGUAGE_STANDARD = gnu17;
				GCC_NO_COMMON_BLOCKS = YES;
				GCC_WARN_64_TO_32_BIT_CONVERSION = YES;
				GCC_WARN_ABOUT_RETURN_TYPE = YES_ERROR;
				GCC_WARN_UNDECLARED_SELECTOR = YES;
				GCC_WARN_UNINITIALIZED_AUTOS = YES_AGGRESSIVE;
				GCC_WARN_UNUSED_FUNCTION = YES;
				GCC_WARN_UNUSED_VARIABLE = YES;
				LOCALIZATION_PREFERS_STRING_CATALOGS = YES;
				MTL_ENABLE_DEBUG_INFO = NO;
				MTL_FAST_MATH = YES;
				STRING_CATALOG_GENERATE_SYMBOLS = YES;
				SWIFT_COMPILATION_MODE = wholemodule;
			};
			name = Release;
		};
		994B065F2DADDE1600F2495F /* Debug */ = {
			isa = XCBuildConfiguration;
			buildSettings = {
				ASSETCATALOG_COMPILER_APPICON_NAME = AppIcon;
				ASSETCATALOG_COMPILER_GLOBAL_ACCENT_COLOR_NAME = AccentColor;
				CODE_SIGN_ENTITLEMENTS = Creoads/Creoads.entitlements;
				CODE_SIGN_IDENTITY = "Apple Development";
				CODE_SIGN_STYLE = Automatic;
				CURRENT_PROJECT_VERSION = 1;
				DEAD_CODE_STRIPPING = YES;
				DEVELOPMENT_TEAM = Q3BJXDW8J8;
				ENABLE_APP_SANDBOX = YES;
				ENABLE_HARDENED_RUNTIME = YES;
				ENABLE_INCOMING_NETWORK_CONNECTIONS = YES;
				ENABLE_OUTGOING_NETWORK_CONNECTIONS = YES;
				ENABLE_PREVIEWS = YES;
				ENABLE_RESOURCE_ACCESS_CAMERA = YES;
				ENABLE_RESOURCE_ACCESS_PHOTO_LIBRARY = YES;
				ENABLE_USER_SELECTED_FILES = readwrite;
				GENERATE_INFOPLIST_FILE = YES;
				INFOPLIST_FILE = CreoAds/Info.plist;
				INFOPLIST_KEY_CFBundleDisplayName = CreoAds;
				"INFOPLIST_KEY_UIApplicationSceneManifest_Generation[sdk=iphoneos*]" = YES;
				"INFOPLIST_KEY_UIApplicationSceneManifest_Generation[sdk=iphonesimulator*]" = YES;
				"INFOPLIST_KEY_UIApplicationSupportsIndirectInputEvents[sdk=iphoneos*]" = YES;
				"INFOPLIST_KEY_UIApplicationSupportsIndirectInputEvents[sdk=iphonesimulator*]" = YES;
				"INFOPLIST_KEY_UILaunchScreen_Generation[sdk=iphoneos*]" = YES;
				"INFOPLIST_KEY_UILaunchScreen_Generation[sdk=iphonesimulator*]" = YES;
				INFOPLIST_KEY_UIStatusBarStyle = "";
				"INFOPLIST_KEY_UIStatusBarStyle[sdk=iphoneos*]" = UIStatusBarStyleDefault;
				"INFOPLIST_KEY_UIStatusBarStyle[sdk=iphonesimulator*]" = UIStatusBarStyleDefault;
				INFOPLIST_KEY_UISupportedInterfaceOrientations_iPad = "UIInterfaceOrientationPortrait UIInterfaceOrientationPortraitUpsideDown UIInterfaceOrientationLandscapeLeft UIInterfaceOrientationLandscapeRight";
				INFOPLIST_KEY_UISupportedInterfaceOrientations_iPhone = "UIInterfaceOrientationPortrait UIInterfaceOrientationLandscapeLeft UIInterfaceOrientationLandscapeRight";
				IPHONEOS_DEPLOYMENT_TARGET = 15.6;
				LD_RUNPATH_SEARCH_PATHS = "@executable_path/Frameworks";
				"LD_RUNPATH_SEARCH_PATHS[sdk=macosx*]" = "@executable_path/../Frameworks";
				MACOSX_DEPLOYMENT_TARGET = 12.4;
				MARKETING_VERSION = 1.0;
				PRODUCT_BUNDLE_IDENTIFIER = com.Aydemirs.CreoAds;
				PRODUCT_NAME = "$(TARGET_NAME)";
				PROVISIONING_PROFILE_SPECIFIER = "";
				REGISTER_APP_GROUPS = YES;
				SDKROOT = auto;
				SUPPORTED_PLATFORMS = "iphonesimulator iphoneos";
				SWIFT_EMIT_LOC_STRINGS = YES;
				SWIFT_VERSION = 5.0;
				TARGETED_DEVICE_FAMILY = "1,2,7";
				XROS_DEPLOYMENT_TARGET = 2.0;
			};
			name = Debug;
		};
		994B06602DADDE1600F2495F /* Release */ = {
			isa = XCBuildConfiguration;
			buildSettings = {
				ASSETCATALOG_COMPILER_APPICON_NAME = AppIcon;
				ASSETCATALOG_COMPILER_GLOBAL_ACCENT_COLOR_NAME = AccentColor;
				CODE_SIGN_ENTITLEMENTS = Creoads/Creoads.entitlements;
				CODE_SIGN_IDENTITY = "Apple Development";
				CODE_SIGN_STYLE = Automatic;
				CURRENT_PROJECT_VERSION = 1;
				DEAD_CODE_STRIPPING = YES;
				DEVELOPMENT_TEAM = Q3BJXDW8J8;
				ENABLE_APP_SANDBOX = YES;
				ENABLE_HARDENED_RUNTIME = YES;
				ENABLE_INCOMING_NETWORK_CONNECTIONS = YES;
				ENABLE_OUTGOING_NETWORK_CONNECTIONS = YES;
				ENABLE_PREVIEWS = YES;
				ENABLE_RESOURCE_ACCESS_CAMERA = YES;
				ENABLE_RESOURCE_ACCESS_PHOTO_LIBRARY = YES;
				ENABLE_USER_SELECTED_FILES = readwrite;
				GENERATE_INFOPLIST_FILE = YES;
				INFOPLIST_FILE = CreoAds/Info.plist;
				INFOPLIST_KEY_CFBundleDisplayName = CreoAds;
				"INFOPLIST_KEY_UIApplicationSceneManifest_Generation[sdk=iphoneos*]" = YES;
				"INFOPLIST_KEY_UIApplicationSceneManifest_Generation[sdk=iphonesimulator*]" = YES;
				"INFOPLIST_KEY_UIApplicationSupportsIndirectInputEvents[sdk=iphoneos*]" = YES;
				"INFOPLIST_KEY_UIApplicationSupportsIndirectInputEvents[sdk=iphonesimulator*]" = YES;
				"INFOPLIST_KEY_UILaunchScreen_Generation[sdk=iphoneos*]" = YES;
				"INFOPLIST_KEY_UILaunchScreen_Generation[sdk=iphonesimulator*]" = YES;
				INFOPLIST_KEY_UIStatusBarStyle = "";
				"INFOPLIST_KEY_UIStatusBarStyle[sdk=iphoneos*]" = UIStatusBarStyleDefault;
				"INFOPLIST_KEY_UIStatusBarStyle[sdk=iphonesimulator*]" = UIStatusBarStyleDefault;
				INFOPLIST_KEY_UISupportedInterfaceOrientations_iPad = "UIInterfaceOrientationPortrait UIInterfaceOrientationPortraitUpsideDown UIInterfaceOrientationLandscapeLeft UIInterfaceOrientationLandscapeRight";
				INFOPLIST_KEY_UISupportedInterfaceOrientations_iPhone = "UIInterfaceOrientationPortrait UIInterfaceOrientationLandscapeLeft UIInterfaceOrientationLandscapeRight";
				IPHONEOS_DEPLOYMENT_TARGET = 15.6;
				LD_RUNPATH_SEARCH_PATHS = "@executable_path/Frameworks";
				"LD_RUNPATH_SEARCH_PATHS[sdk=macosx*]" = "@executable_path/../Frameworks";
				MACOSX_DEPLOYMENT_TARGET = 12.4;
				MARKETING_VERSION = 1.0;
				PRODUCT_BUNDLE_IDENTIFIER = com.Aydemirs.CreoAds;
				PRODUCT_NAME = "$(TARGET_NAME)";
				PROVISIONING_PROFILE_SPECIFIER = "";
				REGISTER_APP_GROUPS = YES;
				SDKROOT = auto;
				SUPPORTED_PLATFORMS = "iphonesimulator iphoneos";
				SWIFT_EMIT_LOC_STRINGS = YES;
				SWIFT_VERSION = 5.0;
				TARGETED_DEVICE_FAMILY = "1,2,7";
				XROS_DEPLOYMENT_TARGET = 2.0;
			};
			name = Release;
		};
		994B06622DADDE1600F2495F /* Debug */ = {
			isa = XCBuildConfiguration;
			buildSettings = {
				BUNDLE_LOADER = "$(TEST_HOST)";
				CODE_SIGN_STYLE = Automatic;
				CURRENT_PROJECT_VERSION = 1;
				DEAD_CODE_STRIPPING = YES;
				DEVELOPMENT_TEAM = Q3BJXDW8J8;
				GENERATE_INFOPLIST_FILE = YES;
				IPHONEOS_DEPLOYMENT_TARGET = 18.4;
				MACOSX_DEPLOYMENT_TARGET = 15.4;
				MARKETING_VERSION = 1.0;
				PRODUCT_BUNDLE_IDENTIFIER = "com.Aydemirs.Own-AdvertiserTests";
				PRODUCT_NAME = "$(TARGET_NAME)";
				SDKROOT = auto;
				SUPPORTED_PLATFORMS = "iphoneos iphonesimulator macosx xros xrsimulator";
				SWIFT_EMIT_LOC_STRINGS = NO;
				SWIFT_VERSION = 5.0;
				TARGETED_DEVICE_FAMILY = "1,2,7";
				TEST_HOST = "$(BUILT_PRODUCTS_DIR)/CreoAds.app/$(BUNDLE_EXECUTABLE_FOLDER_PATH)/CreoAds";
				XROS_DEPLOYMENT_TARGET = 2.4;
			};
			name = Debug;
		};
		994B06632DADDE1600F2495F /* Release */ = {
			isa = XCBuildConfiguration;
			buildSettings = {
				BUNDLE_LOADER = "$(TEST_HOST)";
				CODE_SIGN_STYLE = Automatic;
				CURRENT_PROJECT_VERSION = 1;
				DEAD_CODE_STRIPPING = YES;
				DEVELOPMENT_TEAM = Q3BJXDW8J8;
				GENERATE_INFOPLIST_FILE = YES;
				IPHONEOS_DEPLOYMENT_TARGET = 18.4;
				MACOSX_DEPLOYMENT_TARGET = 15.4;
				MARKETING_VERSION = 1.0;
				PRODUCT_BUNDLE_IDENTIFIER = "com.Aydemirs.Own-AdvertiserTests";
				PRODUCT_NAME = "$(TARGET_NAME)";
				SDKROOT = auto;
				SUPPORTED_PLATFORMS = "iphoneos iphonesimulator macosx xros xrsimulator";
				SWIFT_EMIT_LOC_STRINGS = NO;
				SWIFT_VERSION = 5.0;
				TARGETED_DEVICE_FAMILY = "1,2,7";
				TEST_HOST = "$(BUILT_PRODUCTS_DIR)/CreoAds.app/$(BUNDLE_EXECUTABLE_FOLDER_PATH)/CreoAds";
				XROS_DEPLOYMENT_TARGET = 2.4;
			};
			name = Release;
		};
		994B06652DADDE1600F2495F /* Debug */ = {
			isa = XCBuildConfiguration;
			buildSettings = {
				CODE_SIGN_STYLE = Automatic;
				CURRENT_PROJECT_VERSION = 1;
				DEAD_CODE_STRIPPING = YES;
				DEVELOPMENT_TEAM = Q3BJXDW8J8;
				GENERATE_INFOPLIST_FILE = YES;
				IPHONEOS_DEPLOYMENT_TARGET = 18.4;
				MACOSX_DEPLOYMENT_TARGET = 15.4;
				MARKETING_VERSION = 1.0;
				PRODUCT_BUNDLE_IDENTIFIER = "com.Aydemirs.Own-AdvertiserUITests";
				PRODUCT_NAME = "$(TARGET_NAME)";
				SDKROOT = auto;
				SUPPORTED_PLATFORMS = "iphoneos iphonesimulator macosx xros xrsimulator";
				SWIFT_EMIT_LOC_STRINGS = NO;
				SWIFT_VERSION = 5.0;
				TARGETED_DEVICE_FAMILY = "1,2,7";
				TEST_TARGET_NAME = "Own Advertiser";
				XROS_DEPLOYMENT_TARGET = 2.4;
			};
			name = Debug;
		};
		994B06662DADDE1600F2495F /* Release */ = {
			isa = XCBuildConfiguration;
			buildSettings = {
				CODE_SIGN_STYLE = Automatic;
				CURRENT_PROJECT_VERSION = 1;
				DEAD_CODE_STRIPPING = YES;
				DEVELOPMENT_TEAM = Q3BJXDW8J8;
				GENERATE_INFOPLIST_FILE = YES;
				IPHONEOS_DEPLOYMENT_TARGET = 18.4;
				MACOSX_DEPLOYMENT_TARGET = 15.4;
				MARKETING_VERSION = 1.0;
				PRODUCT_BUNDLE_IDENTIFIER = "com.Aydemirs.Own-AdvertiserUITests";
				PRODUCT_NAME = "$(TARGET_NAME)";
				SDKROOT = auto;
				SUPPORTED_PLATFORMS = "iphoneos iphonesimulator macosx xros xrsimulator";
				SWIFT_EMIT_LOC_STRINGS = NO;
				SWIFT_VERSION = 5.0;
				TARGETED_DEVICE_FAMILY = "1,2,7";
				TEST_TARGET_NAME = "Own Advertiser";
				XROS_DEPLOYMENT_TARGET = 2.4;
			};
			name = Release;
		};
/* End XCBuildConfiguration section */

/* Begin XCConfigurationList section */
		994B06372DADDE1400F2495F /* Build configuration list for PBXProject "CreoAds" */ = {
			isa = XCConfigurationList;
			buildConfigurations = (
				994B065C2DADDE1600F2495F /* Debug */,
				994B065D2DADDE1600F2495F /* Release */,
			);
			defaultConfigurationIsVisible = 0;
			defaultConfigurationName = Release;
		};
		994B065E2DADDE1600F2495F /* Build configuration list for PBXNativeTarget "CreoAds" */ = {
			isa = XCConfigurationList;
			buildConfigurations = (
				994B065F2DADDE1600F2495F /* Debug */,
				994B06602DADDE1600F2495F /* Release */,
			);
			defaultConfigurationIsVisible = 0;
			defaultConfigurationName = Release;
		};
		994B06612DADDE1600F2495F /* Build configuration list for PBXNativeTarget "CreoAdsTests" */ = {
			isa = XCConfigurationList;
			buildConfigurations = (
				994B06622DADDE1600F2495F /* Debug */,
				994B06632DADDE1600F2495F /* Release */,
			);
			defaultConfigurationIsVisible = 0;
			defaultConfigurationName = Release;
		};
		994B06642DADDE1600F2495F /* Build configuration list for PBXNativeTarget "CreoAdsUITests" */ = {
			isa = XCConfigurationList;
			buildConfigurations = (
				994B06652DADDE1600F2495F /* Debug */,
				994B06662DADDE1600F2495F /* Release */,
			);
			defaultConfigurationIsVisible = 0;
			defaultConfigurationName = Release;
		};
/* End XCConfigurationList section */

/* Begin XCRemoteSwiftPackageReference section */
		994B06772DADE60C00F2495F /* XCRemoteSwiftPackageReference "firebase-ios-sdk" */ = {
			isa = XCRemoteSwiftPackageReference;
			repositoryURL = "https://github.com/firebase/firebase-ios-sdk.git";
			requirement = {
				kind = upToNextMajorVersion;
				minimumVersion = 11.11.0;
			};
		};
		996B16FE2E8E786D00A3BFC5 /* XCRemoteSwiftPackageReference "GoogleSignIn-iOS" */ = {
			isa = XCRemoteSwiftPackageReference;
			repositoryURL = "https://github.com/google/GoogleSignIn-iOS";
			requirement = {
				kind = upToNextMajorVersion;
				minimumVersion = 9.0.0;
			};
		};
		99B97BB72DC174A200B793B9 /* XCRemoteSwiftPackageReference "purchases-ios-spm" */ = {
			isa = XCRemoteSwiftPackageReference;
			repositoryURL = "https://github.com/RevenueCat/purchases-ios-spm.git";
			requirement = {
				kind = exactVersion;
				version = 5.22.1;
			};
		};
/* End XCRemoteSwiftPackageReference section */

/* Begin XCSwiftPackageProductDependency section */
		994B06782DADE60C00F2495F /* FirebaseAuth */ = {
			isa = XCSwiftPackageProductDependency;
			package = 994B06772DADE60C00F2495F /* XCRemoteSwiftPackageReference "firebase-ios-sdk" */;
			productName = FirebaseAuth;
		};
		994B067A2DADE60C00F2495F /* FirebaseFirestore */ = {
			isa = XCSwiftPackageProductDependency;
			package = 994B06772DADE60C00F2495F /* XCRemoteSwiftPackageReference "firebase-ios-sdk" */;
			productName = FirebaseFirestore;
		};
		994B067E2DADE9BB00F2495F /* FirebaseCore */ = {
			isa = XCSwiftPackageProductDependency;
			package = 994B06772DADE60C00F2495F /* XCRemoteSwiftPackageReference "firebase-ios-sdk" */;
			productName = FirebaseCore;
		};
		996B16FF2E8E786D00A3BFC5 /* GoogleSignIn */ = {
			isa = XCSwiftPackageProductDependency;
			package = 996B16FE2E8E786D00A3BFC5 /* XCRemoteSwiftPackageReference "GoogleSignIn-iOS" */;
			productName = GoogleSignIn;
		};
		996B17012E8E786D00A3BFC5 /* GoogleSignInSwift */ = {
			isa = XCSwiftPackageProductDependency;
			package = 996B16FE2E8E786D00A3BFC5 /* XCRemoteSwiftPackageReference "GoogleSignIn-iOS" */;
			productName = GoogleSignInSwift;
		};
		99B97BB82DC174A200B793B9 /* RevenueCat */ = {
			isa = XCSwiftPackageProductDependency;
			package = 99B97BB72DC174A200B793B9 /* XCRemoteSwiftPackageReference "purchases-ios-spm" */;
			productName = RevenueCat;
		};
		99B97BBA2DC174A200B793B9 /* RevenueCatUI */ = {
			isa = XCSwiftPackageProductDependency;
			package = 99B97BB72DC174A200B793B9 /* XCRemoteSwiftPackageReference "purchases-ios-spm" */;
			productName = RevenueCatUI;
		};
		99F69BB52DB0FFA300E65BB7 /* FirebaseStorage */ = {
			isa = XCSwiftPackageProductDependency;
			package = 994B06772DADE60C00F2495F /* XCRemoteSwiftPackageReference "firebase-ios-sdk" */;
			productName = FirebaseStorage;
		};
/* End XCSwiftPackageProductDependency section */
	};
	rootObject = 994B06342DADDE1400F2495F /* Project object */;
}
